// !$*UTF8*$!
{
	archiveVersion = 1;
	classes = {
	};
	objectVersion = 46;
	objects = {

/* Begin PBXFileReference section */
		3A14DF371DB56C0D00AF6C43 /* tarea_01.playground */ = {isa = PBXFileReference; lastKnownFileType = file.playground; path = tarea_01.playground; sourceTree = "<group>"; };
/* End PBXFileReference section */

/* Begin PBXGroup section */
		3A14DF301DB5588800AF6C43 = {
			isa = PBXGroup;
			children = (
				3A14DF371DB56C0D00AF6C43 /* tarea_01.playground */,
			);
			sourceTree = "<group>";
		};
/* End PBXGroup section */

/* Begin PBXProject section */
		3A14DF311DB5588800AF6C43 /* Project object */ = {
			isa = PBXProject;
			attributes = {
				LastUpgradeCheck = 0640;
			};
			buildConfigurationList = 3A14DF341DB5588800AF6C43 /* Build configuration list for PBXProject "memoria" */;
			compatibilityVersion = "Xcode 3.2";
			developmentRegion = English;
			hasScannedForEncodings = 0;
			knownRegions = (
				en,
			);
			mainGroup = 3A14DF301DB5588800AF6C43;
			projectDirPath = "";
			projectRoot = "";
			targets = (
			);
		};
/* End PBXProject section */

/* Begin XCBuildConfiguration section */
		3A14DF351DB5588800AF6C43 /* Debug */ = {
			isa = XCBuildConfiguration;
			buildSettings = {
			};
			name = Debug;
		};
		3A14DF361DB5588800AF6C43 /* Release */ = {
			isa = XCBuildConfiguration;
			buildSettings = {
			};
			name = Release;
		};
/* End XCBuildConfiguration section */

/* Begin XCConfigurationList section */
		3A14DF341DB5588800AF6C43 /* Build configuration list for PBXProject "memoria" */ = {
			isa = XCConfigurationList;
			buildConfigurations = (
				3A14DF351DB5588800AF6C43 /* Debug */,
				3A14DF361DB5588800AF6C43 /* Release */,
			);
			defaultConfigurationIsVisible = 0;
			defaultConfigurationName = Release;
		};
/* End XCConfigurationList section */
	};
	rootObject = 3A14DF311DB5588800AF6C43 /* Project object */;
}
